// !$*UTF8*$!
{
	archiveVersion = 1;
	classes = {
	};
	objectVersion = 46;
	objects = {

/* Begin PBXBuildFile section */
		4585752B4216384BCA27C94B /* libPods-MapOnScrollView-Swift.a in Frameworks */ = {isa = PBXBuildFile; fileRef = B318D506A46C212715B0328B /* libPods-MapOnScrollView-Swift.a */; };
		6A010D821E09142A00FE255B /* main.m in Sources */ = {isa = PBXBuildFile; fileRef = 6A010D811E09142A00FE255B /* main.m */; };
		6A010D851E09142A00FE255B /* AppDelegate.m in Sources */ = {isa = PBXBuildFile; fileRef = 6A010D841E09142A00FE255B /* AppDelegate.m */; };
		6A010D881E09142A00FE255B /* ViewController.m in Sources */ = {isa = PBXBuildFile; fileRef = 6A010D871E09142A00FE255B /* ViewController.m */; };
		6A010D8B1E09142A00FE255B /* Main.storyboard in Resources */ = {isa = PBXBuildFile; fileRef = 6A010D891E09142A00FE255B /* Main.storyboard */; };
		6A010D8D1E09142A00FE255B /* Assets.xcassets in Resources */ = {isa = PBXBuildFile; fileRef = 6A010D8C1E09142A00FE255B /* Assets.xcassets */; };
		6A010D901E09142A00FE255B /* LaunchScreen.storyboard in Resources */ = {isa = PBXBuildFile; fileRef = 6A010D8E1E09142A00FE255B /* LaunchScreen.storyboard */; };
		6A48AD8B1E26054B00ADE486 /* MapOnScrollViewUITests.m in Sources */ = {isa = PBXBuildFile; fileRef = 6A48AD8A1E26054B00ADE486 /* MapOnScrollViewUITests.m */; };
		D0FBD050B1090B786A8151E3 /* libPods-MapOnScrollView.a in Frameworks */ = {isa = PBXBuildFile; fileRef = 8701CAC084C685AB387CE073 /* libPods-MapOnScrollView.a */; };
		D9F65B971E2CF418002BBD5C /* AppDelegate.swift in Sources */ = {isa = PBXBuildFile; fileRef = D9F65B961E2CF418002BBD5C /* AppDelegate.swift */; };
		D9F65B991E2CF418002BBD5C /* ViewController.swift in Sources */ = {isa = PBXBuildFile; fileRef = D9F65B981E2CF418002BBD5C /* ViewController.swift */; };
		D9F65B9C1E2CF418002BBD5C /* Main.storyboard in Resources */ = {isa = PBXBuildFile; fileRef = D9F65B9A1E2CF418002BBD5C /* Main.storyboard */; };
		D9F65B9E1E2CF418002BBD5C /* Assets.xcassets in Resources */ = {isa = PBXBuildFile; fileRef = D9F65B9D1E2CF418002BBD5C /* Assets.xcassets */; };
		D9F65BA11E2CF418002BBD5C /* LaunchScreen.storyboard in Resources */ = {isa = PBXBuildFile; fileRef = D9F65B9F1E2CF418002BBD5C /* LaunchScreen.storyboard */; };
/* End PBXBuildFile section */

/* Begin PBXContainerItemProxy section */
		6A48AD8D1E26054B00ADE486 /* PBXContainerItemProxy */ = {
			isa = PBXContainerItemProxy;
			containerPortal = 6A010D751E09142A00FE255B /* Project object */;
			proxyType = 1;
			remoteGlobalIDString = 6A010D7C1E09142A00FE255B;
			remoteInfo = MapOnScrollView;
		};
/* End PBXContainerItemProxy section */

/* Begin PBXFileReference section */
		3F73854C36E529D565E04F49 /* Pods-MapOnScrollView.release.xcconfig */ = {isa = PBXFileReference; includeInIndex = 1; lastKnownFileType = text.xcconfig; name = "Pods-MapOnScrollView.release.xcconfig"; path = "Pods/Target Support Files/Pods-MapOnScrollView/Pods-MapOnScrollView.release.xcconfig"; sourceTree = "<group>"; };
		6A010D7D1E09142A00FE255B /* MapOnScrollView.app */ = {isa = PBXFileReference; explicitFileType = wrapper.application; includeInIndex = 0; path = MapOnScrollView.app; sourceTree = BUILT_PRODUCTS_DIR; };
		6A010D811E09142A00FE255B /* main.m */ = {isa = PBXFileReference; lastKnownFileType = sourcecode.c.objc; path = main.m; sourceTree = "<group>"; };
		6A010D831E09142A00FE255B /* AppDelegate.h */ = {isa = PBXFileReference; lastKnownFileType = sourcecode.c.h; path = AppDelegate.h; sourceTree = "<group>"; };
		6A010D841E09142A00FE255B /* AppDelegate.m */ = {isa = PBXFileReference; lastKnownFileType = sourcecode.c.objc; path = AppDelegate.m; sourceTree = "<group>"; };
		6A010D861E09142A00FE255B /* ViewController.h */ = {isa = PBXFileReference; lastKnownFileType = sourcecode.c.h; path = ViewController.h; sourceTree = "<group>"; };
		6A010D871E09142A00FE255B /* ViewController.m */ = {isa = PBXFileReference; lastKnownFileType = sourcecode.c.objc; path = ViewController.m; sourceTree = "<group>"; };
		6A010D8A1E09142A00FE255B /* Base */ = {isa = PBXFileReference; lastKnownFileType = file.storyboard; name = Base; path = Base.lproj/Main.storyboard; sourceTree = "<group>"; };
		6A010D8C1E09142A00FE255B /* Assets.xcassets */ = {isa = PBXFileReference; lastKnownFileType = folder.assetcatalog; path = Assets.xcassets; sourceTree = "<group>"; };
		6A010D8F1E09142A00FE255B /* Base */ = {isa = PBXFileReference; lastKnownFileType = file.storyboard; name = Base; path = Base.lproj/LaunchScreen.storyboard; sourceTree = "<group>"; };
		6A010D911E09142A00FE255B /* Info.plist */ = {isa = PBXFileReference; lastKnownFileType = text.plist.xml; path = Info.plist; sourceTree = "<group>"; };
		6A48AD881E26054B00ADE486 /* MapOnScrollViewUITests.xctest */ = {isa = PBXFileReference; explicitFileType = wrapper.cfbundle; includeInIndex = 0; path = MapOnScrollViewUITests.xctest; sourceTree = BUILT_PRODUCTS_DIR; };
		6A48AD8A1E26054B00ADE486 /* MapOnScrollViewUITests.m */ = {isa = PBXFileReference; lastKnownFileType = sourcecode.c.objc; path = MapOnScrollViewUITests.m; sourceTree = "<group>"; };
		6A48AD8C1E26054B00ADE486 /* Info.plist */ = {isa = PBXFileReference; lastKnownFileType = text.plist.xml; path = Info.plist; sourceTree = "<group>"; };
		8701CAC084C685AB387CE073 /* libPods-MapOnScrollView.a */ = {isa = PBXFileReference; explicitFileType = archive.ar; includeInIndex = 0; path = "libPods-MapOnScrollView.a"; sourceTree = BUILT_PRODUCTS_DIR; };
		B0F3C5AF5F5D1899EA3453F9 /* Pods-MapOnScrollView-Swift.debug.xcconfig */ = {isa = PBXFileReference; includeInIndex = 1; lastKnownFileType = text.xcconfig; name = "Pods-MapOnScrollView-Swift.debug.xcconfig"; path = "Pods/Target Support Files/Pods-MapOnScrollView-Swift/Pods-MapOnScrollView-Swift.debug.xcconfig"; sourceTree = "<group>"; };
		B318D506A46C212715B0328B /* libPods-MapOnScrollView-Swift.a */ = {isa = PBXFileReference; explicitFileType = archive.ar; includeInIndex = 0; path = "libPods-MapOnScrollView-Swift.a"; sourceTree = BUILT_PRODUCTS_DIR; };
		BE13DE7BACE91EE3D12C1F02 /* Pods-MapOnScrollView.debug.xcconfig */ = {isa = PBXFileReference; includeInIndex = 1; lastKnownFileType = text.xcconfig; name = "Pods-MapOnScrollView.debug.xcconfig"; path = "Pods/Target Support Files/Pods-MapOnScrollView/Pods-MapOnScrollView.debug.xcconfig"; sourceTree = "<group>"; };
		CF92544C54CFE9789BFD0887 /* Pods-MapOnScrollView-Swift.release.xcconfig */ = {isa = PBXFileReference; includeInIndex = 1; lastKnownFileType = text.xcconfig; name = "Pods-MapOnScrollView-Swift.release.xcconfig"; path = "Pods/Target Support Files/Pods-MapOnScrollView-Swift/Pods-MapOnScrollView-Swift.release.xcconfig"; sourceTree = "<group>"; };
		D9F65B941E2CF418002BBD5C /* MapOnScrollView-Swift.app */ = {isa = PBXFileReference; explicitFileType = wrapper.application; includeInIndex = 0; path = "MapOnScrollView-Swift.app"; sourceTree = BUILT_PRODUCTS_DIR; };
		D9F65B961E2CF418002BBD5C /* AppDelegate.swift */ = {isa = PBXFileReference; lastKnownFileType = sourcecode.swift; path = AppDelegate.swift; sourceTree = "<group>"; };
		D9F65B981E2CF418002BBD5C /* ViewController.swift */ = {isa = PBXFileReference; lastKnownFileType = sourcecode.swift; path = ViewController.swift; sourceTree = "<group>"; };
		D9F65B9B1E2CF418002BBD5C /* Base */ = {isa = PBXFileReference; lastKnownFileType = file.storyboard; name = Base; path = Base.lproj/Main.storyboard; sourceTree = "<group>"; };
		D9F65B9D1E2CF418002BBD5C /* Assets.xcassets */ = {isa = PBXFileReference; lastKnownFileType = folder.assetcatalog; path = Assets.xcassets; sourceTree = "<group>"; };
		D9F65BA01E2CF418002BBD5C /* Base */ = {isa = PBXFileReference; lastKnownFileType = file.storyboard; name = Base; path = Base.lproj/LaunchScreen.storyboard; sourceTree = "<group>"; };
		D9F65BA21E2CF418002BBD5C /* Info.plist */ = {isa = PBXFileReference; lastKnownFileType = text.plist.xml; path = Info.plist; sourceTree = "<group>"; };
		D9F65BA61E2CF494002BBD5C /* Swift-Bridging-Header.h */ = {isa = PBXFileReference; fileEncoding = 4; lastKnownFileType = sourcecode.c.h; path = "Swift-Bridging-Header.h"; sourceTree = "<group>"; };
/* End PBXFileReference section */

/* Begin PBXFrameworksBuildPhase section */
		6A010D7A1E09142A00FE255B /* Frameworks */ = {
			isa = PBXFrameworksBuildPhase;
			buildActionMask = 2147483647;
			files = (
				D0FBD050B1090B786A8151E3 /* libPods-MapOnScrollView.a in Frameworks */,
			);
			runOnlyForDeploymentPostprocessing = 0;
		};
		6A48AD851E26054B00ADE486 /* Frameworks */ = {
			isa = PBXFrameworksBuildPhase;
			buildActionMask = 2147483647;
			files = (
			);
			runOnlyForDeploymentPostprocessing = 0;
		};
		D9F65B911E2CF418002BBD5C /* Frameworks */ = {
			isa = PBXFrameworksBuildPhase;
			buildActionMask = 2147483647;
			files = (
				4585752B4216384BCA27C94B /* libPods-MapOnScrollView-Swift.a in Frameworks */,
			);
			runOnlyForDeploymentPostprocessing = 0;
		};
/* End PBXFrameworksBuildPhase section */

/* Begin PBXGroup section */
		2A081A8B455B2340248B444F /* Pods */ = {
			isa = PBXGroup;
			children = (
				BE13DE7BACE91EE3D12C1F02 /* Pods-MapOnScrollView.debug.xcconfig */,
				3F73854C36E529D565E04F49 /* Pods-MapOnScrollView.release.xcconfig */,
				B0F3C5AF5F5D1899EA3453F9 /* Pods-MapOnScrollView-Swift.debug.xcconfig */,
				CF92544C54CFE9789BFD0887 /* Pods-MapOnScrollView-Swift.release.xcconfig */,
			);
			name = Pods;
			sourceTree = "<group>";
		};
		6A010D741E09142A00FE255B = {
			isa = PBXGroup;
			children = (
				6A010D7F1E09142A00FE255B /* MapOnScrollView */,
				6A48AD891E26054B00ADE486 /* MapOnScrollViewUITests */,
				D9F65B951E2CF418002BBD5C /* MapOnScrollView-Swift */,
				6A010D7E1E09142A00FE255B /* Products */,
				2A081A8B455B2340248B444F /* Pods */,
				C6061A1D05640C4FEA7CFD10 /* Frameworks */,
			);
			sourceTree = "<group>";
		};
		6A010D7E1E09142A00FE255B /* Products */ = {
			isa = PBXGroup;
			children = (
				6A010D7D1E09142A00FE255B /* MapOnScrollView.app */,
				6A48AD881E26054B00ADE486 /* MapOnScrollViewUITests.xctest */,
				D9F65B941E2CF418002BBD5C /* MapOnScrollView-Swift.app */,
			);
			name = Products;
			sourceTree = "<group>";
		};
		6A010D7F1E09142A00FE255B /* MapOnScrollView */ = {
			isa = PBXGroup;
			children = (
				6A010D831E09142A00FE255B /* AppDelegate.h */,
				6A010D841E09142A00FE255B /* AppDelegate.m */,
				6A010D861E09142A00FE255B /* ViewController.h */,
				6A010D871E09142A00FE255B /* ViewController.m */,
				6A010D891E09142A00FE255B /* Main.storyboard */,
				6A010D8C1E09142A00FE255B /* Assets.xcassets */,
				6A010D8E1E09142A00FE255B /* LaunchScreen.storyboard */,
				6A010D911E09142A00FE255B /* Info.plist */,
				6A010D801E09142A00FE255B /* Supporting Files */,
			);
			path = MapOnScrollView;
			sourceTree = "<group>";
		};
		6A010D801E09142A00FE255B /* Supporting Files */ = {
			isa = PBXGroup;
			children = (
				6A010D811E09142A00FE255B /* main.m */,
			);
			name = "Supporting Files";
			sourceTree = "<group>";
		};
		6A48AD891E26054B00ADE486 /* MapOnScrollViewUITests */ = {
			isa = PBXGroup;
			children = (
				6A48AD8A1E26054B00ADE486 /* MapOnScrollViewUITests.m */,
				6A48AD8C1E26054B00ADE486 /* Info.plist */,
			);
			path = MapOnScrollViewUITests;
			sourceTree = "<group>";
		};
		C6061A1D05640C4FEA7CFD10 /* Frameworks */ = {
			isa = PBXGroup;
			children = (
				8701CAC084C685AB387CE073 /* libPods-MapOnScrollView.a */,
				B318D506A46C212715B0328B /* libPods-MapOnScrollView-Swift.a */,
			);
			name = Frameworks;
			sourceTree = "<group>";
		};
		D9F65B951E2CF418002BBD5C /* MapOnScrollView-Swift */ = {
			isa = PBXGroup;
			children = (
				D9F65B961E2CF418002BBD5C /* AppDelegate.swift */,
				D9F65BA61E2CF494002BBD5C /* Swift-Bridging-Header.h */,
				D9F65B981E2CF418002BBD5C /* ViewController.swift */,
				D9F65B9A1E2CF418002BBD5C /* Main.storyboard */,
				D9F65B9D1E2CF418002BBD5C /* Assets.xcassets */,
				D9F65B9F1E2CF418002BBD5C /* LaunchScreen.storyboard */,
				D9F65BA21E2CF418002BBD5C /* Info.plist */,
			);
			path = "MapOnScrollView-Swift";
			sourceTree = "<group>";
		};
/* End PBXGroup section */

/* Begin PBXNativeTarget section */
		6A010D7C1E09142A00FE255B /* MapOnScrollView */ = {
			isa = PBXNativeTarget;
			buildConfigurationList = 6A010D941E09142A00FE255B /* Build configuration list for PBXNativeTarget "MapOnScrollView" */;
			buildPhases = (
				335A27014F4B0781D85F112A /* [CP] Check Pods Manifest.lock */,
				6A010D791E09142A00FE255B /* Sources */,
				6A010D7A1E09142A00FE255B /* Frameworks */,
				6A010D7B1E09142A00FE255B /* Resources */,
				A1119AAAEA99608C7F41ADDB /* [CP] Copy Pods Resources */,
			);
			buildRules = (
			);
			dependencies = (
			);
			name = MapOnScrollView;
			productName = MapOnScrollView;
			productReference = 6A010D7D1E09142A00FE255B /* MapOnScrollView.app */;
			productType = "com.apple.product-type.application";
		};
		6A48AD871E26054B00ADE486 /* MapOnScrollViewUITests */ = {
			isa = PBXNativeTarget;
			buildConfigurationList = 6A48AD911E26054B00ADE486 /* Build configuration list for PBXNativeTarget "MapOnScrollViewUITests" */;
			buildPhases = (
				6A48AD841E26054B00ADE486 /* Sources */,
				6A48AD851E26054B00ADE486 /* Frameworks */,
				6A48AD861E26054B00ADE486 /* Resources */,
			);
			buildRules = (
			);
			dependencies = (
				6A48AD8E1E26054B00ADE486 /* PBXTargetDependency */,
			);
			name = MapOnScrollViewUITests;
			productName = MapOnScrollViewUITests;
			productReference = 6A48AD881E26054B00ADE486 /* MapOnScrollViewUITests.xctest */;
			productType = "com.apple.product-type.bundle.ui-testing";
		};
		D9F65B931E2CF418002BBD5C /* MapOnScrollView-Swift */ = {
			isa = PBXNativeTarget;
			buildConfigurationList = D9F65BA51E2CF418002BBD5C /* Build configuration list for PBXNativeTarget "MapOnScrollView-Swift" */;
			buildPhases = (
				6E9B5FEE0D81BE848532B9A8 /* [CP] Check Pods Manifest.lock */,
				D9F65B901E2CF418002BBD5C /* Sources */,
				D9F65B911E2CF418002BBD5C /* Frameworks */,
				D9F65B921E2CF418002BBD5C /* Resources */,
				BFF978FD8B4426400E74509A /* [CP] Copy Pods Resources */,
			);
			buildRules = (
			);
			dependencies = (
			);
			name = "MapOnScrollView-Swift";
			productName = "MapOnScrollView-Swift";
			productReference = D9F65B941E2CF418002BBD5C /* MapOnScrollView-Swift.app */;
			productType = "com.apple.product-type.application";
		};
/* End PBXNativeTarget section */

/* Begin PBXProject section */
		6A010D751E09142A00FE255B /* Project object */ = {
			isa = PBXProject;
			attributes = {
				LastSwiftUpdateCheck = 0820;
				LastUpgradeCheck = 0820;
				ORGANIZATIONNAME = Amap.com;
				TargetAttributes = {
					6A010D7C1E09142A00FE255B = {
						CreatedOnToolsVersion = 8.2.1;
						DevelopmentTeam = YMJ372W38W;
						ProvisioningStyle = Manual;
					};
					6A48AD871E26054B00ADE486 = {
						CreatedOnToolsVersion = 8.2.1;
						DevelopmentTeam = YMJ372W38W;
						ProvisioningStyle = Manual;
						TestTargetID = 6A010D7C1E09142A00FE255B;
					};
					D9F65B931E2CF418002BBD5C = {
						CreatedOnToolsVersion = 8.2;
						DevelopmentTeam = YMJ372W38W;
						ProvisioningStyle = Manual;
					};
				};
			};
			buildConfigurationList = 6A010D781E09142A00FE255B /* Build configuration list for PBXProject "MapOnScrollView" */;
			compatibilityVersion = "Xcode 3.2";
			developmentRegion = English;
			hasScannedForEncodings = 0;
			knownRegions = (
				English,
				en,
				Base,
			);
			mainGroup = 6A010D741E09142A00FE255B;
			productRefGroup = 6A010D7E1E09142A00FE255B /* Products */;
			projectDirPath = "";
			projectRoot = "";
			targets = (
				6A010D7C1E09142A00FE255B /* MapOnScrollView */,
				6A48AD871E26054B00ADE486 /* MapOnScrollViewUITests */,
				D9F65B931E2CF418002BBD5C /* MapOnScrollView-Swift */,
			);
		};
/* End PBXProject section */

/* Begin PBXResourcesBuildPhase section */
		6A010D7B1E09142A00FE255B /* Resources */ = {
			isa = PBXResourcesBuildPhase;
			buildActionMask = 2147483647;
			files = (
				6A010D901E09142A00FE255B /* LaunchScreen.storyboard in Resources */,
				6A010D8D1E09142A00FE255B /* Assets.xcassets in Resources */,
				6A010D8B1E09142A00FE255B /* Main.storyboard in Resources */,
			);
			runOnlyForDeploymentPostprocessing = 0;
		};
		6A48AD861E26054B00ADE486 /* Resources */ = {
			isa = PBXResourcesBuildPhase;
			buildActionMask = 2147483647;
			files = (
			);
			runOnlyForDeploymentPostprocessing = 0;
		};
		D9F65B921E2CF418002BBD5C /* Resources */ = {
			isa = PBXResourcesBuildPhase;
			buildActionMask = 2147483647;
			files = (
				D9F65BA11E2CF418002BBD5C /* LaunchScreen.storyboard in Resources */,
				D9F65B9E1E2CF418002BBD5C /* Assets.xcassets in Resources */,
				D9F65B9C1E2CF418002BBD5C /* Main.storyboard in Resources */,
			);
			runOnlyForDeploymentPostprocessing = 0;
		};
/* End PBXResourcesBuildPhase section */

/* Begin PBXShellScriptBuildPhase section */
		335A27014F4B0781D85F112A /* [CP] Check Pods Manifest.lock */ = {
			isa = PBXShellScriptBuildPhase;
			buildActionMask = 2147483647;
			files = (
			);
			inputPaths = (
				"${PODS_PODFILE_DIR_PATH}/Podfile.lock",
				"${PODS_ROOT}/Manifest.lock",
			);
			name = "[CP] Check Pods Manifest.lock";
			outputPaths = (
				"$(DERIVED_FILE_DIR)/Pods-MapOnScrollView-checkManifestLockResult.txt",
			);
			runOnlyForDeploymentPostprocessing = 0;
			shellPath = /bin/sh;
			shellScript = "diff \"${PODS_PODFILE_DIR_PATH}/Podfile.lock\" \"${PODS_ROOT}/Manifest.lock\" > /dev/null\nif [ $? != 0 ] ; then\n    # print error to STDERR\n    echo \"error: The sandbox is not in sync with the Podfile.lock. Run 'pod install' or update your CocoaPods installation.\" >&2\n    exit 1\nfi\n# This output is used by Xcode 'outputs' to avoid re-running this script phase.\necho \"SUCCESS\" > \"${SCRIPT_OUTPUT_FILE_0}\"\n";
			showEnvVarsInLog = 0;
		};
		6E9B5FEE0D81BE848532B9A8 /* [CP] Check Pods Manifest.lock */ = {
			isa = PBXShellScriptBuildPhase;
			buildActionMask = 2147483647;
			files = (
			);
			inputPaths = (
				"${PODS_PODFILE_DIR_PATH}/Podfile.lock",
				"${PODS_ROOT}/Manifest.lock",
			);
			name = "[CP] Check Pods Manifest.lock";
			outputPaths = (
				"$(DERIVED_FILE_DIR)/Pods-MapOnScrollView-Swift-checkManifestLockResult.txt",
			);
			runOnlyForDeploymentPostprocessing = 0;
			shellPath = /bin/sh;
			shellScript = "diff \"${PODS_PODFILE_DIR_PATH}/Podfile.lock\" \"${PODS_ROOT}/Manifest.lock\" > /dev/null\nif [ $? != 0 ] ; then\n    # print error to STDERR\n    echo \"error: The sandbox is not in sync with the Podfile.lock. Run 'pod install' or update your CocoaPods installation.\" >&2\n    exit 1\nfi\n# This output is used by Xcode 'outputs' to avoid re-running this script phase.\necho \"SUCCESS\" > \"${SCRIPT_OUTPUT_FILE_0}\"\n";
			showEnvVarsInLog = 0;
		};
		A1119AAAEA99608C7F41ADDB /* [CP] Copy Pods Resources */ = {
			isa = PBXShellScriptBuildPhase;
			buildActionMask = 2147483647;
			files = (
			);
			inputPaths = (
				"${PODS_ROOT}/Target Support Files/Pods-MapOnScrollView/Pods-MapOnScrollView-resources.sh",
				"${PODS_ROOT}/AMap3DMap/MAMapKit.framework/AMap.bundle",
			);
			name = "[CP] Copy Pods Resources";
			outputPaths = (
				"${TARGET_BUILD_DIR}/${UNLOCALIZED_RESOURCES_FOLDER_PATH}/AMap.bundle",
			);
			runOnlyForDeploymentPostprocessing = 0;
			shellPath = /bin/sh;
			shellScript = "\"${PODS_ROOT}/Target Support Files/Pods-MapOnScrollView/Pods-MapOnScrollView-resources.sh\"\n";
			showEnvVarsInLog = 0;
		};
		BFF978FD8B4426400E74509A /* [CP] Copy Pods Resources */ = {
			isa = PBXShellScriptBuildPhase;
			buildActionMask = 2147483647;
			files = (
			);
			inputPaths = (
				"${PODS_ROOT}/Target Support Files/Pods-MapOnScrollView-Swift/Pods-MapOnScrollView-Swift-resources.sh",
				"${PODS_ROOT}/AMap3DMap/MAMapKit.framework/AMap.bundle",
			);
			name = "[CP] Copy Pods Resources";
			outputPaths = (
				"${TARGET_BUILD_DIR}/${UNLOCALIZED_RESOURCES_FOLDER_PATH}/AMap.bundle",
			);
			runOnlyForDeploymentPostprocessing = 0;
			shellPath = /bin/sh;
			shellScript = "\"${PODS_ROOT}/Target Support Files/Pods-MapOnScrollView-Swift/Pods-MapOnScrollView-Swift-resources.sh\"\n";
			showEnvVarsInLog = 0;
		};
/* End PBXShellScriptBuildPhase section */

/* Begin PBXSourcesBuildPhase section */
		6A010D791E09142A00FE255B /* Sources */ = {
			isa = PBXSourcesBuildPhase;
			buildActionMask = 2147483647;
			files = (
				6A010D881E09142A00FE255B /* ViewController.m in Sources */,
				6A010D851E09142A00FE255B /* AppDelegate.m in Sources */,
				6A010D821E09142A00FE255B /* main.m in Sources */,
			);
			runOnlyForDeploymentPostprocessing = 0;
		};
		6A48AD841E26054B00ADE486 /* Sources */ = {
			isa = PBXSourcesBuildPhase;
			buildActionMask = 2147483647;
			files = (
				6A48AD8B1E26054B00ADE486 /* MapOnScrollViewUITests.m in Sources */,
			);
			runOnlyForDeploymentPostprocessing = 0;
		};
		D9F65B901E2CF418002BBD5C /* Sources */ = {
			isa = PBXSourcesBuildPhase;
			buildActionMask = 2147483647;
			files = (
				D9F65B991E2CF418002BBD5C /* ViewController.swift in Sources */,
				D9F65B971E2CF418002BBD5C /* AppDelegate.swift in Sources */,
			);
			runOnlyForDeploymentPostprocessing = 0;
		};
/* End PBXSourcesBuildPhase section */

/* Begin PBXTargetDependency section */
		6A48AD8E1E26054B00ADE486 /* PBXTargetDependency */ = {
			isa = PBXTargetDependency;
			target = 6A010D7C1E09142A00FE255B /* MapOnScrollView */;
			targetProxy = 6A48AD8D1E26054B00ADE486 /* PBXContainerItemProxy */;
		};
/* End PBXTargetDependency section */

/* Begin PBXVariantGroup section */
		6A010D891E09142A00FE255B /* Main.storyboard */ = {
			isa = PBXVariantGroup;
			children = (
				6A010D8A1E09142A00FE255B /* Base */,
			);
			name = Main.storyboard;
			sourceTree = "<group>";
		};
		6A010D8E1E09142A00FE255B /* LaunchScreen.storyboard */ = {
			isa = PBXVariantGroup;
			children = (
				6A010D8F1E09142A00FE255B /* Base */,
			);
			name = LaunchScreen.storyboard;
			sourceTree = "<group>";
		};
		D9F65B9A1E2CF418002BBD5C /* Main.storyboard */ = {
			isa = PBXVariantGroup;
			children = (
				D9F65B9B1E2CF418002BBD5C /* Base */,
			);
			name = Main.storyboard;
			sourceTree = "<group>";
		};
		D9F65B9F1E2CF418002BBD5C /* LaunchScreen.storyboard */ = {
			isa = PBXVariantGroup;
			children = (
				D9F65BA01E2CF418002BBD5C /* Base */,
			);
			name = LaunchScreen.storyboard;
			sourceTree = "<group>";
		};
/* End PBXVariantGroup section */

/* Begin XCBuildConfiguration section */
		6A010D921E09142A00FE255B /* Debug */ = {
			isa = XCBuildConfiguration;
			buildSettings = {
				ALWAYS_SEARCH_USER_PATHS = NO;
				CLANG_ANALYZER_NONNULL = YES;
				CLANG_CXX_LANGUAGE_STANDARD = "gnu++0x";
				CLANG_CXX_LIBRARY = "libc++";
				CLANG_ENABLE_MODULES = YES;
				CLANG_ENABLE_OBJC_ARC = YES;
				CLANG_WARN_BOOL_CONVERSION = YES;
				CLANG_WARN_CONSTANT_CONVERSION = YES;
				CLANG_WARN_DIRECT_OBJC_ISA_USAGE = YES_ERROR;
				CLANG_WARN_DOCUMENTATION_COMMENTS = YES;
				CLANG_WARN_EMPTY_BODY = YES;
				CLANG_WARN_ENUM_CONVERSION = YES;
				CLANG_WARN_INFINITE_RECURSION = YES;
				CLANG_WARN_INT_CONVERSION = YES;
				CLANG_WARN_OBJC_ROOT_CLASS = YES_ERROR;
				CLANG_WARN_SUSPICIOUS_MOVE = YES;
				CLANG_WARN_UNREACHABLE_CODE = YES;
				CLANG_WARN__DUPLICATE_METHOD_MATCH = YES;
				"CODE_SIGN_IDENTITY[sdk=iphoneos*]" = "iPhone Developer";
				COPY_PHASE_STRIP = NO;
				DEBUG_INFORMATION_FORMAT = dwarf;
				ENABLE_STRICT_OBJC_MSGSEND = YES;
				ENABLE_TESTABILITY = YES;
				GCC_C_LANGUAGE_STANDARD = gnu99;
				GCC_DYNAMIC_NO_PIC = NO;
				GCC_NO_COMMON_BLOCKS = YES;
				GCC_OPTIMIZATION_LEVEL = 0;
				GCC_PREPROCESSOR_DEFINITIONS = (
					"DEBUG=1",
					"$(inherited)",
				);
				GCC_WARN_64_TO_32_BIT_CONVERSION = YES;
				GCC_WARN_ABOUT_RETURN_TYPE = YES_ERROR;
				GCC_WARN_UNDECLARED_SELECTOR = YES;
				GCC_WARN_UNINITIALIZED_AUTOS = YES_AGGRESSIVE;
				GCC_WARN_UNUSED_FUNCTION = YES;
				GCC_WARN_UNUSED_VARIABLE = YES;
				IPHONEOS_DEPLOYMENT_TARGET = 10.2;
				MTL_ENABLE_DEBUG_INFO = YES;
				ONLY_ACTIVE_ARCH = YES;
				SDKROOT = iphoneos;
				TARGETED_DEVICE_FAMILY = "1,2";
			};
			name = Debug;
		};
		6A010D931E09142A00FE255B /* Release */ = {
			isa = XCBuildConfiguration;
			buildSettings = {
				ALWAYS_SEARCH_USER_PATHS = NO;
				CLANG_ANALYZER_NONNULL = YES;
				CLANG_CXX_LANGUAGE_STANDARD = "gnu++0x";
				CLANG_CXX_LIBRARY = "libc++";
				CLANG_ENABLE_MODULES = YES;
				CLANG_ENABLE_OBJC_ARC = YES;
				CLANG_WARN_BOOL_CONVERSION = YES;
				CLANG_WARN_CONSTANT_CONVERSION = YES;
				CLANG_WARN_DIRECT_OBJC_ISA_USAGE = YES_ERROR;
				CLANG_WARN_DOCUMENTATION_COMMENTS = YES;
				CLANG_WARN_EMPTY_BODY = YES;
				CLANG_WARN_ENUM_CONVERSION = YES;
				CLANG_WARN_INFINITE_RECURSION = YES;
				CLANG_WARN_INT_CONVERSION = YES;
				CLANG_WARN_OBJC_ROOT_CLASS = YES_ERROR;
				CLANG_WARN_SUSPICIOUS_MOVE = YES;
				CLANG_WARN_UNREACHABLE_CODE = YES;
				CLANG_WARN__DUPLICATE_METHOD_MATCH = YES;
				"CODE_SIGN_IDENTITY[sdk=iphoneos*]" = "iPhone Developer";
				COPY_PHASE_STRIP = NO;
				DEBUG_INFORMATION_FORMAT = "dwarf-with-dsym";
				ENABLE_NS_ASSERTIONS = NO;
				ENABLE_STRICT_OBJC_MSGSEND = YES;
				GCC_C_LANGUAGE_STANDARD = gnu99;
				GCC_NO_COMMON_BLOCKS = YES;
				GCC_WARN_64_TO_32_BIT_CONVERSION = YES;
				GCC_WARN_ABOUT_RETURN_TYPE = YES_ERROR;
				GCC_WARN_UNDECLARED_SELECTOR = YES;
				GCC_WARN_UNINITIALIZED_AUTOS = YES_AGGRESSIVE;
				GCC_WARN_UNUSED_FUNCTION = YES;
				GCC_WARN_UNUSED_VARIABLE = YES;
				IPHONEOS_DEPLOYMENT_TARGET = 10.2;
				MTL_ENABLE_DEBUG_INFO = NO;
				SDKROOT = iphoneos;
				TARGETED_DEVICE_FAMILY = "1,2";
				VALIDATE_PRODUCT = YES;
			};
			name = Release;
		};
		6A010D951E09142A00FE255B /* Debug */ = {
			isa = XCBuildConfiguration;
			baseConfigurationReference = BE13DE7BACE91EE3D12C1F02 /* Pods-MapOnScrollView.debug.xcconfig */;
			buildSettings = {
				ASSETCATALOG_COMPILER_APPICON_NAME = AppIcon;
				DEVELOPMENT_TEAM = YMJ372W38W;
				INFOPLIST_FILE = MapOnScrollView/Info.plist;
				IPHONEOS_DEPLOYMENT_TARGET = 8.0;
				LD_RUNPATH_SEARCH_PATHS = "$(inherited) @executable_path/Frameworks";
				PRODUCT_BUNDLE_IDENTIFIER = com.autonavi.MapOnScrollView;
				PRODUCT_NAME = "$(TARGET_NAME)";
				PROVISIONING_PROFILE = "d723e77c-6c92-4e6a-98d7-8717d0b88b87";
				PROVISIONING_PROFILE_SPECIFIER = openPlatform_development;
			};
			name = Debug;
		};
		6A010D961E09142A00FE255B /* Release */ = {
			isa = XCBuildConfiguration;
			baseConfigurationReference = 3F73854C36E529D565E04F49 /* Pods-MapOnScrollView.release.xcconfig */;
			buildSettings = {
				ASSETCATALOG_COMPILER_APPICON_NAME = AppIcon;
				"CODE_SIGN_IDENTITY[sdk=iphoneos*]" = "iPhone Distribution";
				DEVELOPMENT_TEAM = YMJ372W38W;
				INFOPLIST_FILE = MapOnScrollView/Info.plist;
				IPHONEOS_DEPLOYMENT_TARGET = 8.0;
				LD_RUNPATH_SEARCH_PATHS = "$(inherited) @executable_path/Frameworks";
				PRODUCT_BUNDLE_IDENTIFIER = com.autonavi.MapOnScrollView;
				PRODUCT_NAME = "$(TARGET_NAME)";
				PROVISIONING_PROFILE = "a892512d-fe94-4702-b716-0b66880b936d";
				PROVISIONING_PROFILE_SPECIFIER = openPlatformInhouse;
			};
			name = Release;
		};
		6A48AD8F1E26054B00ADE486 /* Debug */ = {
			isa = XCBuildConfiguration;
			buildSettings = {
				DEVELOPMENT_TEAM = YMJ372W38W;
				INFOPLIST_FILE = MapOnScrollViewUITests/Info.plist;
				LD_RUNPATH_SEARCH_PATHS = "$(inherited) @executable_path/Frameworks @loader_path/Frameworks";
				PRODUCT_BUNDLE_IDENTIFIER = com.autonavi.MapOnScrollViewUITests;
				PRODUCT_NAME = "$(TARGET_NAME)";
				PROVISIONING_PROFILE = "9b821a78-8ad6-4cf7-b6b0-31b43df04bbe";
				PROVISIONING_PROFILE_SPECIFIER = openPlatform_development;
				TEST_TARGET_NAME = MapOnScrollView;
			};
			name = Debug;
		};
		6A48AD901E26054B00ADE486 /* Release */ = {
			isa = XCBuildConfiguration;
			buildSettings = {
				DEVELOPMENT_TEAM = YMJ372W38W;
				INFOPLIST_FILE = MapOnScrollViewUITests/Info.plist;
				LD_RUNPATH_SEARCH_PATHS = "$(inherited) @executable_path/Frameworks @loader_path/Frameworks";
				PRODUCT_BUNDLE_IDENTIFIER = com.autonavi.MapOnScrollViewUITests;
				PRODUCT_NAME = "$(TARGET_NAME)";
				PROVISIONING_PROFILE = "9b821a78-8ad6-4cf7-b6b0-31b43df04bbe";
				PROVISIONING_PROFILE_SPECIFIER = openPlatform_development;
				TEST_TARGET_NAME = MapOnScrollView;
			};
			name = Release;
		};
		D9F65BA31E2CF418002BBD5C /* Debug */ = {
			isa = XCBuildConfiguration;
			baseConfigurationReference = B0F3C5AF5F5D1899EA3453F9 /* Pods-MapOnScrollView-Swift.debug.xcconfig */;
			buildSettings = {
				ASSETCATALOG_COMPILER_APPICON_NAME = AppIcon;
				DEVELOPMENT_TEAM = YMJ372W38W;
				INFOPLIST_FILE = "MapOnScrollView-Swift/Info.plist";
				IPHONEOS_DEPLOYMENT_TARGET = 8.0;
				LD_RUNPATH_SEARCH_PATHS = "$(inherited) @executable_path/Frameworks";
				PRODUCT_BUNDLE_IDENTIFIER = com.autonavi.MapOnScrollView;
				PRODUCT_NAME = "$(TARGET_NAME)";
				PROVISIONING_PROFILE = "8014ae4e-33b6-4937-87e3-3725a2aad4f7";
				PROVISIONING_PROFILE_SPECIFIER = openPlatform_development;
				SWIFT_ACTIVE_COMPILATION_CONDITIONS = DEBUG;
				SWIFT_OBJC_BRIDGING_HEADER = "./MapOnScrollView-Swift/Swift-Bridging-Header.h";
				SWIFT_OPTIMIZATION_LEVEL = "-Onone";
				SWIFT_VERSION = 4.0;
			};
			name = Debug;
		};
		D9F65BA41E2CF418002BBD5C /* Release */ = {
			isa = XCBuildConfiguration;
			baseConfigurationReference = CF92544C54CFE9789BFD0887 /* Pods-MapOnScrollView-Swift.release.xcconfig */;
			buildSettings = {
				ASSETCATALOG_COMPILER_APPICON_NAME = AppIcon;
				"CODE_SIGN_IDENTITY[sdk=iphoneos*]" = "iPhone Distribution";
				DEVELOPMENT_TEAM = YMJ372W38W;
				INFOPLIST_FILE = "MapOnScrollView-Swift/Info.plist";
				IPHONEOS_DEPLOYMENT_TARGET = 8.0;
				LD_RUNPATH_SEARCH_PATHS = "$(inherited) @executable_path/Frameworks";
				PRODUCT_BUNDLE_IDENTIFIER = com.autonavi.MapOnScrollView;
				PRODUCT_NAME = "$(TARGET_NAME)";
				PROVISIONING_PROFILE = "a892512d-fe94-4702-b716-0b66880b936d";
				PROVISIONING_PROFILE_SPECIFIER = openPlatformInhouse;
				SWIFT_OBJC_BRIDGING_HEADER = "./MapOnScrollView-Swift/Swift-Bridging-Header.h";
				SWIFT_OPTIMIZATION_LEVEL = "-Owholemodule";
				SWIFT_VERSION = 4.0;
			};
			name = Release;
		};
/* End XCBuildConfiguration section */

/* Begin XCConfigurationList section */
		6A010D781E09142A00FE255B /* Build configuration list for PBXProject "MapOnScrollView" */ = {
			isa = XCConfigurationList;
			buildConfigurations = (
				6A010D921E09142A00FE255B /* Debug */,
				6A010D931E09142A00FE255B /* Release */,
			);
			defaultConfigurationIsVisible = 0;
			defaultConfigurationName = Release;
		};
		6A010D941E09142A00FE255B /* Build configuration list for PBXNativeTarget "MapOnScrollView" */ = {
			isa = XCConfigurationList;
			buildConfigurations = (
				6A010D951E09142A00FE255B /* Debug */,
				6A010D961E09142A00FE255B /* Release */,
			);
			defaultConfigurationIsVisible = 0;
			defaultConfigurationName = Release;
		};
		6A48AD911E26054B00ADE486 /* Build configuration list for PBXNativeTarget "MapOnScrollViewUITests" */ = {
			isa = XCConfigurationList;
			buildConfigurations = (
				6A48AD8F1E26054B00ADE486 /* Debug */,
				6A48AD901E26054B00ADE486 /* Release */,
			);
			defaultConfigurationIsVisible = 0;
			defaultConfigurationName = Release;
		};
		D9F65BA51E2CF418002BBD5C /* Build configuration list for PBXNativeTarget "MapOnScrollView-Swift" */ = {
			isa = XCConfigurationList;
			buildConfigurations = (
				D9F65BA31E2CF418002BBD5C /* Debug */,
				D9F65BA41E2CF418002BBD5C /* Release */,
			);
			defaultConfigurationIsVisible = 0;
			defaultConfigurationName = Release;
		};
/* End XCConfigurationList section */
	};
	rootObject = 6A010D751E09142A00FE255B /* Project object */;
}
